github.com/BobuSumisu/aho-corasick v1.0.3 h1:uuf+JHwU9CHP2Vx+wAy6jcksJThhJS9ehR8a+4nPE9g=
github.com/BobuSumisu/aho-corasick v1.0.3/go.mod h1:hm4jLcvZKI2vRF2WDU1N4p/jpWtpOzp3nLmi9AzX/XE=
github.com/anknown/ahocorasick v0.0.0-20190904063843-d75dbd5169c0 h1:onfun1RA+KcxaMk1lfrRnwCd1UUuOjJM/lri5eM1qMs=
github.com/anknown/ahocorasick v0.0.0-20190904063843-d75dbd5169c0/go.mod h1:4yg+jNTYlDEzBjhGS96v+zjyA3lfXlFd5CiTLIkPBLI=
github.com/anknown/darts v0.0.0-20151216065714-83ff685239e6 h1:HblK3eJHq54yET63qPCTJnks3loDse5xRmmqHgHzwoI=
github.com/anknown/darts v0.0.0-20151216065714-83ff685239e6/go.mod h1:pbiaLIeYLUbgMY1kwEAdwO6UKD5ZNwdPGQlwokS9fe8=
github.com/cloudflare/ahocorasick v0.0.0-20240916140611-054963ec9396 h1:W2HK1IdCnCGuLUeyizSCkwvBjdj0ZL7mxnJYQ3poyzI=
github.com/cloudflare/ahocorasick v0.0.0-20240916140611-054963ec9396/go.mod h1:tGWUZLZp9ajsxUOnHmFFLnqnlKXsCn6GReG4jAD59H0=
github.com/meyermarcel/ahocorasick v0.0.0-20241113114937-a765dd85e688 h1:KrqShHBZpjr2Otsh0Js/mGMUmM6JUJsHbn+48wJgXAA=
github.com/meyermarcel/ahocorasick v0.0.0-20241113114937-a765dd85e688/go.mod h1:hK9d8cmie0psImx9KRuXliqBAd0NcXDcXsWNEPcJc8A=
github.com/petar-dambovaliev/aho-corasick v0.0.0-20240411101913-e07a1f0e8eb4 h1:1Kw2vDBXmjop+LclnzCb/fFy+sgb3gYARwfmoUcQe6o=
github.com/petar-dambovaliev/aho-corasick v0.0.0-20240411101913-e07a1f0e8eb4/go.mod h1:EHPiTAKtiFmrMldLUNswFwfZ2eJIYBHktdaUTZxYWRw=
